{
    "name": "modelar-oracle-adapter",
    "version": "0.1.0",
    "lockfileVersion": 1,
    "requires": true,
    "dependencies": {
        "nan": {
            "version": "2.5.1",
            "resolved": "https://registry.npmjs.org/nan/-/nan-2.5.1.tgz",
            "integrity": "sha1-1bAWkSUzJql6K77p5hxV2NYDUeI="
        },
        "oracledb": {
            "version": "1.13.1",
            "resolved": "https://registry.npmjs.org/oracledb/-/oracledb-1.13.1.tgz",
            "integrity": "sha1-kjFktcGSztoBWQ41Jou3AX4krYk=",
            "requires": {
                "nan": "2.5.1"
            }
        }
    }
}
